Microsoft Visual Studio Solution File, Format Version 12.00
# Visual Studio Version 17
VisualStudioVersion = 17.5.2.0
MinimumVisualStudioVersion = 10.0.40219.1
Project("{FAE04EC0-301F-11D3-BF4B-00C04F79EFBC}") = "Examen3", "Examen3.csproj", "{EF161665-9147-5E46-8228-90AA0AB2C3D3}"
EndProject
Global
	GlobalSection(SolutionConfigurationPlatforms) = preSolution
		Debug|Any CPU = Debug|Any CPU
		Release|Any CPU = Release|Any CPU
	EndGlobalSection
	GlobalSection(ProjectConfigurationPlatforms) = postSolution
		{EF161665-9147-5E46-8228-90AA0AB2C3D3}.Debug|Any CPU.ActiveCfg = Debug|Any CPU
		{EF161665-9147-5E46-8228-90AA0AB2C3D3}.Debug|Any CPU.Build.0 = Debug|Any CPU
		{EF161665-9147-5E46-8228-90AA0AB2C3D3}.Release|Any CPU.ActiveCfg = Release|Any CPU
		{EF161665-9147-5E46-8228-90AA0AB2C3D3}.Release|Any CPU.Build.0 = Release|Any CPU
	EndGlobalSection
	GlobalSection(SolutionProperties) = preSolution
		HideSolutionNode = FALSE
	EndGlobalSection
	GlobalSection(ExtensibilityGlobals) = postSolution
		SolutionGuid = {DF4D62A1-5A50-46BB-A67C-8AC01F985699}
	EndGlobalSection
EndGlobal
